<?xml version="1.0" encoding="utf-8"?>
<Project ToolsVersion="4.0" xmlns="http://schemas.microsoft.com/developer/msbuild/2003">
  <ItemGroup>
    <Filter Include="include">
      <UniqueIdentifier>{89AF369E-F58E-B539-FEA6-40106A051C9B}</UniqueIdentifier>
    </Filter>
    <Filter Include="include\gauri">
      <UniqueIdentifier>{50F549A5-BCB5-C5DB-85F0-0E59F16F0AB8}</UniqueIdentifier>
    </Filter>
    <Filter Include="include\gauri\event">
      <UniqueIdentifier>{C14269B7-2DA4-46C5-B611-8D7722727D84}</UniqueIdentifier>
    </Filter>
    <Filter Include="include\gauri\imgui">
      <UniqueIdentifier>{BABEACB7-2620-8AC5-AF8D-D0771BEEC084}</UniqueIdentifier>
    </Filter>
    <Filter Include="include\platform">
      <UniqueIdentifier>{1D12BC81-090B-DBD3-323D-C0581E95BADF}</UniqueIdentifier>
    </Filter>
    <Filter Include="include\platform\windows">
      <UniqueIdentifier>{77211C95-6346-6B15-8C91-50A578156A33}</UniqueIdentifier>
    </Filter>
    <Filter Include="src">
      <UniqueIdentifier>{2DAB880B-99B4-887C-2230-9F7C8E38947C}</UniqueIdentifier>
    </Filter>
    <Filter Include="src\gauri">
      <UniqueIdentifier>{F41B3BB5-6086-EF2B-A9C4-A0D1156ECD80}</UniqueIdentifier>
    </Filter>
    <Filter Include="src\gauri\imgui">
      <UniqueIdentifier>{5E50B1AD-CADB-1E72-D3EC-A1663FF77A72}</UniqueIdentifier>
    </Filter>
    <Filter Include="src\platform">
      <UniqueIdentifier>{41663D6D-2DC9-CC11-D64E-05C8C2909894}</UniqueIdentifier>
    </Filter>
    <Filter Include="src\platform\windows">
      <UniqueIdentifier>{9B5931A8-87E8-BA71-3007-CF6C1C75CB17}</UniqueIdentifier>
    </Filter>
  </ItemGroup>
  <ItemGroup>
    <ClInclude Include="include\gauri.h">
      <Filter>include</Filter>
    </ClInclude>
    <ClInclude Include="include\gauri\application.h">
      <Filter>include\gauri</Filter>
    </ClInclude>
    <ClInclude Include="include\gauri\core.h">
      <Filter>include\gauri</Filter>
    </ClInclude>
    <ClInclude Include="include\gauri\entry_point.h">
      <Filter>include\gauri</Filter>
    </ClInclude>
    <ClInclude Include="include\gauri\event\event.h">
      <Filter>include\gauri\event</Filter>
    </ClInclude>
    <ClInclude Include="include\gauri\imgui\imgui_layer.h">
      <Filter>include\gauri\imgui</Filter>
    </ClInclude>
    <ClInclude Include="include\gauri\input.h">
      <Filter>include\gauri</Filter>
    </ClInclude>
    <ClInclude Include="include\gauri\key_codes.h">
      <Filter>include\gauri</Filter>
    </ClInclude>
    <ClInclude Include="include\gauri\layer.h">
      <Filter>include\gauri</Filter>
    </ClInclude>
    <ClInclude Include="include\gauri\layer_stack.h">
      <Filter>include\gauri</Filter>
    </ClInclude>
    <ClInclude Include="include\gauri\logger.h">
      <Filter>include\gauri</Filter>
    </ClInclude>
    <ClInclude Include="include\gauri\mouse_button_codes.h">
      <Filter>include\gauri</Filter>
    </ClInclude>
    <ClInclude Include="include\gauri\window.h">
      <Filter>include\gauri</Filter>
    </ClInclude>
    <ClInclude Include="include\platform\windows\windows_input.h">
      <Filter>include\platform\windows</Filter>
    </ClInclude>
    <ClInclude Include="include\platform\windows\windows_window.h">
      <Filter>include\platform\windows</Filter>
    </ClInclude>
    <ClInclude Include="src\grpch.h">
      <Filter>src</Filter>
    </ClInclude>
    <ClInclude Include="include\gauri\renderer\graphics_context.h" />
    <ClInclude Include="include\platform\opengl\opengl_context.h" />
    <ClInclude Include="include\gauri\renderer\shader.h" />
    <ClInclude Include="include\gauri\renderer\buffer.h" />
    <ClInclude Include="include\platform\opengl\opengl_buffer.h" />
    <ClInclude Include="include\gauri\renderer\renderer.h" />
  </ItemGroup>
  <ItemGroup>
    <ClCompile Include="src\gauri\application.cpp">
      <Filter>src\gauri</Filter>
    </ClCompile>
    <ClCompile Include="src\gauri\imgui\imgui_build.cpp">
      <Filter>src\gauri\imgui</Filter>
    </ClCompile>
    <ClCompile Include="src\gauri\imgui\imgui_layer.cpp">
      <Filter>src\gauri\imgui</Filter>
    </ClCompile>
    <ClCompile Include="src\gauri\layer.cpp">
      <Filter>src\gauri</Filter>
    </ClCompile>
    <ClCompile Include="src\gauri\layer_stack.cpp">
      <Filter>src\gauri</Filter>
    </ClCompile>
    <ClCompile Include="src\gauri\logger.cpp">
      <Filter>src\gauri</Filter>
    </ClCompile>
    <ClCompile Include="src\grpch.cpp">
      <Filter>src</Filter>
    </ClCompile>
    <ClCompile Include="src\platform\windows\windows_input.cpp">
      <Filter>src\platform\windows</Filter>
    </ClCompile>
    <ClCompile Include="src\platform\windows\windows_window.cpp">
      <Filter>src\platform\windows</Filter>
    </ClCompile>
    <ClCompile Include="src\platform\opengl\opengl_context.cpp" />
    <ClCompile Include="src\gauri\renderer\shader.cpp" />
    <ClCompile Include="src\gauri\renderer\buffer.cpp" />
    <ClCompile Include="src\platform\opengl\opengl_buffer.cpp" />
    <ClCompile Include="src\gauri\renderer\renderer.cpp" />
  </ItemGroup>
</Project>